
Microsoft Visual Studio Solution File, Format Version 12.00
# Visual Studio 15
VisualStudioVersion = 15.0.27130.2020
MinimumVisualStudioVersion = 10.0.40219.1
Project("{FAE04EC0-301F-11D3-BF4B-00C04F79EFBC}") = "Enterprise", "02.Enterprise\Enterprise.csproj", "{CE5A5B7E-2092-4AC0-A208-A07F50BC78DC}"
EndProject
Project("{FAE04EC0-301F-11D3-BF4B-00C04F79EFBC}") = "Enterprise-Performance-Tests", "Enterprise-Performance-Tests\Enterprise-Performance-Tests.csproj", "{2E31EADC-3486-4D8D-96B3-34A2003D94A9}"
EndProject
Global
	GlobalSection(SolutionConfigurationPlatforms) = preSolution
		Debug|Any CPU = Debug|Any CPU
		Release|Any CPU = Release|Any CPU
	EndGlobalSection
	GlobalSection(ProjectConfigurationPlatforms) = postSolution
		{CE5A5B7E-2092-4AC0-A208-A07F50BC78DC}.Debug|Any CPU.ActiveCfg = Debug|Any CPU
		{CE5A5B7E-2092-4AC0-A208-A07F50BC78DC}.Debug|Any CPU.Build.0 = Debug|Any CPU
		{CE5A5B7E-2092-4AC0-A208-A07F50BC78DC}.Release|Any CPU.ActiveCfg = Release|Any CPU
		{CE5A5B7E-2092-4AC0-A208-A07F50BC78DC}.Release|Any CPU.Build.0 = Release|Any CPU
		{2E31EADC-3486-4D8D-96B3-34A2003D94A9}.Debug|Any CPU.ActiveCfg = Debug|Any CPU
		{2E31EADC-3486-4D8D-96B3-34A2003D94A9}.Debug|Any CPU.Build.0 = Debug|Any CPU
		{2E31EADC-3486-4D8D-96B3-34A2003D94A9}.Release|Any CPU.ActiveCfg = Release|Any CPU
		{2E31EADC-3486-4D8D-96B3-34A2003D94A9}.Release|Any CPU.Build.0 = Release|Any CPU
	EndGlobalSection
	GlobalSection(SolutionProperties) = preSolution
		HideSolutionNode = FALSE
	EndGlobalSection
	GlobalSection(ExtensibilityGlobals) = postSolution
		SolutionGuid = {9B98AFDC-3F75-4AC5-B26A-042A18D6A8F8}
	EndGlobalSection
EndGlobal
